
Microsoft Visual Studio Solution File, Format Version 12.00
# Visual Studio Version 17
VisualStudioVersion = 17.7.34031.279
MinimumVisualStudioVersion = 10.0.40219.1
Project("{FAE04EC0-301F-11D3-BF4B-00C04F79EFBC}") = "ToDoListApp", "ToDoListApp\ToDoListApp.csproj", "{B3016EA3-0D84-4503-A005-F7E5BA1430FA}"
EndProject
Global
	GlobalSection(SolutionConfigurationPlatforms) = preSolution
		Debug|Any CPU = Debug|Any CPU
		Release|Any CPU = Release|Any CPU
	EndGlobalSection
	GlobalSection(ProjectConfigurationPlatforms) = postSolution
		{B3016EA3-0D84-4503-A005-F7E5BA1430FA}.Debug|Any CPU.ActiveCfg = Debug|Any CPU
		{B3016EA3-0D84-4503-A005-F7E5BA1430FA}.Debug|Any CPU.Build.0 = Debug|Any CPU
		{B3016EA3-0D84-4503-A005-F7E5BA1430FA}.Release|Any CPU.ActiveCfg = Release|Any CPU
		{B3016EA3-0D84-4503-A005-F7E5BA1430FA}.Release|Any CPU.Build.0 = Release|Any CPU
	EndGlobalSection
	GlobalSection(SolutionProperties) = preSolution
		HideSolutionNode = FALSE
	EndGlobalSection
	GlobalSection(ExtensibilityGlobals) = postSolution
		SolutionGuid = {C13A83D2-BC8A-49AB-8E23-A63C27CF8DB0}
	EndGlobalSection
EndGlobal
